{
  "version": 4,
  "terraform_version": "1.5.0",
  "serial": 38,
  "lineage": "a1e34c83-1e75-fb57-798c-48b94fa30eab",
  "outputs": {
    "env_id": {
      "value": "b5b72c05-bfb4-4f63-98cd-18dcd6edbd27",
      "type": "string"
    },
    "workload_id": {
      "value": "4926fb4c-b10d-4829-9575-421f8feab520",
      "type": "string"
    }
  },
  "resources": [
    {
      "mode": "managed",
      "type": "coxedge_environment",
      "name": "demo_env",
      "provider": "provider[\"registry.terraform.io/coxedge/coxedge\"]",
      "instances": [
        {
          "schema_version": 0,
          "attributes": {
            "creation_date": "2023-06-19T07:07:30.000Z",
            "description": "description-of-the-environment",
            "id": "b5b72c05-bfb4-4f63-98cd-18dcd6edbd27",
            "membership": "MANY_USERS",
            "name": "terraform-test",
            "organization_id": "f1e0a327-dbf6-46c8-967d-bcd381c7c531",
            "roles": [],
            "service_connection_id": "a572df45-56fa-4521-8a66-b63b5ab19c21",
            "timeouts": null
          },
          "sensitive_attributes": [],
          "private": "eyJlMmJmYjczMC1lY2FhLTExZTYtOGY4OC0zNDM2M2JjN2M0YzAiOnsiY3JlYXRlIjo2MDAwMDAwMDAwMDAsInVwZGF0ZSI6NjAwMDAwMDAwMDAwfX0="
        }
      ]
    },
    {
      "mode": "managed",
      "type": "coxedge_workload",
      "name": "test",
      "provider": "provider[\"registry.terraform.io/coxedge/coxedge\"]",
      "instances": [
        {
          "schema_version": 0,
          "attributes": {
            "add_anycast_ip_address": false,
            "anycast_ip_address": "None",
            "commands": [],
            "container_email": "",
            "container_password": null,
            "container_server": "",
            "container_username": "",
            "deployment": [
              {
                "cpu_utilization": 0,
                "enable_autoscaling": false,
                "instances_per_pop": 1,
                "max_instances_per_pop": 0,
                "min_instances_per_pop": 0,
                "name": "test-vm-cox",
                "pops": [
                  "BTR"
                ]
              }
            ],
            "environment_name": "terraform-test",
            "environment_variables": {},
            "first_boot_ssh_key": "ssh-rsa AAAAB3NzaC1yc2EAAAADAQABAAABgQDV8sdCoavZZY6BDxV9bJA+91+uNzRl8QrRz80gQvH1xllPiwBXqAXFBnKUXmD5ECC3jm2jol48r20jlM0+5hOg1P7ptilgsfCtQS0uIrs50ppOTawsZSMtvf6Bgc1HTyeEihYdeOZzRmKhHt+a+mzDwwTIl/PtFY9+dXSScHEGs2GU9cQmnCOq365knfsp53aElmQBaOP76pXhEfU7OSe37U5iEChYR+mvq68YC1iDzTpIRlseTtyZkMy/dF909BUctIutdY2hdKC5+IwIVxBi5fdxFS+he291EXPu2WKJexZ+WxKkceEefdonv//knsqAF4Mjeqnxkw1PIsAFQ7eMzvyQirRvNgOgfTW3g/dcOKgGgudGOUu1ROdn7GOHZqnFNYF6Ae974EjSrqaGzULuIhqkk9QW85VXYrLX3Q9Xne5LERF8TvBVgj/QzaZoq9VSQltDmQ7V0RSBXSg5U0gYe8M8+0FJXEYg9ROW9srV0q669YoHIJ8TuF0T8Sd7qG0= ashwinkm@ashwinlaptop",
            "id": "4926fb4c-b10d-4829-9575-421f8feab520",
            "image": "stackpath-edge/ubuntu-2204-jammy:v202204272102",
            "name": "test-vm",
            "organization_id": "f1e0a327-dbf6-46c8-967d-bcd381c7c531",
            "persistent_storages": [],
            "ports": [],
            "secret_environment_variables": {},
            "slug": null,
            "specs": "SP-2",
            "timeouts": {
              "create": "20m",
              "update": "20m"
            },
            "type": "VM",
            "user_data": ""
          },
          "sensitive_attributes": [],
          "private": "eyJlMmJmYjczMC1lY2FhLTExZTYtOGY4OC0zNDM2M2JjN2M0YzAiOnsiY3JlYXRlIjoxMjAwMDAwMDAwMDAwLCJ1cGRhdGUiOjEyMDAwMDAwMDAwMDB9fQ==",
          "dependencies": [
            "coxedge_environment.demo_env"
          ]
        }
      ]
    }
  ],
  "check_results": null
}
