{
  "version": 4,
  "terraform_version": "1.5.0",
  "serial": 10,
  "lineage": "a1e34c83-1e75-fb57-798c-48b94fa30eab",
  "outputs": {
    "env_id": {
      "value": "b5b72c05-bfb4-4f63-98cd-18dcd6edbd27",
      "type": "string"
    }
  },
  "resources": [
    {
      "mode": "data",
      "type": "coxedge_organizations",
      "name": "orgs",
      "provider": "provider[\"registry.terraform.io/coxedge/coxedge\"]",
      "instances": [
        {
          "schema_version": 0,
          "attributes": {
            "id": "1687160190",
            "organizations": [
              {
                "entry_point": "coxedge-techops",
                "id": "f1e0a327-dbf6-46c8-967d-bcd381c7c531",
                "name": "CoxEdge-TechOps",
                "service_connections": [
                  {
                    "id": "14d35882-9b97-43ff-afd6-472a15246c35",
                    "name": "Edge Database",
                    "service_code": "edge-db"
                  },
                  {
                    "id": "a572df45-56fa-4521-8a66-b63b5ab19c21",
                    "name": "Edge Compute",
                    "service_code": "edge-services"
                  }
                ],
                "tags": []
              }
            ]
          },
          "sensitive_attributes": []
        }
      ]
    },
    {
      "mode": "managed",
      "type": "coxedge_environment",
      "name": "demo_env",
      "provider": "provider[\"registry.terraform.io/coxedge/coxedge\"]",
      "instances": [
        {
          "schema_version": 0,
          "attributes": {
            "creation_date": "2023-06-19T07:07:30.000Z",
            "description": "description-of-the-environment",
            "id": "b5b72c05-bfb4-4f63-98cd-18dcd6edbd27",
            "membership": "MANY_USERS",
            "name": "terraform-test",
            "organization_id": "f1e0a327-dbf6-46c8-967d-bcd381c7c531",
            "roles": [],
            "service_connection_id": "a572df45-56fa-4521-8a66-b63b5ab19c21",
            "timeouts": null
          },
          "sensitive_attributes": [],
          "private": "eyJlMmJmYjczMC1lY2FhLTExZTYtOGY4OC0zNDM2M2JjN2M0YzAiOnsiY3JlYXRlIjo2MDAwMDAwMDAwMDAsInVwZGF0ZSI6NjAwMDAwMDAwMDAwfX0="
        }
      ]
    }
  ],
  "check_results": null
}
